
Microsoft Visual Studio Solution File, Format Version 12.00
# Visual Studio 15
VisualStudioVersion = 15.0.28010.2026
MinimumVisualStudioVersion = 10.0.40219.1
Project("{FAE04EC0-301F-11D3-BF4B-00C04F79EFBC}") = "Exercice_5_MDI", "Exercice_5_MDI\Exercice_5_MDI.csproj", "{13318454-EEBE-466A-8DD7-2A156AD31960}"
EndProject
Global
	GlobalSection(SolutionConfigurationPlatforms) = preSolution
		Debug|Any CPU = Debug|Any CPU
		Release|Any CPU = Release|Any CPU
	EndGlobalSection
	GlobalSection(ProjectConfigurationPlatforms) = postSolution
		{13318454-EEBE-466A-8DD7-2A156AD31960}.Debug|Any CPU.ActiveCfg = Debug|Any CPU
		{13318454-EEBE-466A-8DD7-2A156AD31960}.Debug|Any CPU.Build.0 = Debug|Any CPU
		{13318454-EEBE-466A-8DD7-2A156AD31960}.Release|Any CPU.ActiveCfg = Release|Any CPU
		{13318454-EEBE-466A-8DD7-2A156AD31960}.Release|Any CPU.Build.0 = Release|Any CPU
	EndGlobalSection
	GlobalSection(SolutionProperties) = preSolution
		HideSolutionNode = FALSE
	EndGlobalSection
	GlobalSection(ExtensibilityGlobals) = postSolution
		SolutionGuid = {1738D72C-E6C0-40AE-AB06-23F603114676}
	EndGlobalSection
EndGlobal
